// !$*UTF8*$!
{
	archiveVersion = 1;
	classes = {
	};
	objectVersion = 48;
	objects = {

/* Begin PBXBuildFile section */
		9C6BE380200EF64B007AE432 /* CalculatorController.swift in Sources */ = {isa = PBXBuildFile; fileRef = 9C6BE37F200EF64B007AE432 /* CalculatorController.swift */; };
		9C6BE382200EF695007AE432 /* BasicController.swift in Sources */ = {isa = PBXBuildFile; fileRef = 9C6BE381200EF695007AE432 /* BasicController.swift */; };
		9C6BE384200EF700007AE432 /* BinaryController.swift in Sources */ = {isa = PBXBuildFile; fileRef = 9C6BE383200EF700007AE432 /* BinaryController.swift */; };
		9C6BE386200EF73E007AE432 /* Calculator.swift in Sources */ = {isa = PBXBuildFile; fileRef = 9C6BE385200EF73E007AE432 /* Calculator.swift */; };
		9C6BE388200EF749007AE432 /* Basic.swift in Sources */ = {isa = PBXBuildFile; fileRef = 9C6BE387200EF749007AE432 /* Basic.swift */; };
		9C6BE38A200EF750007AE432 /* Binary.swift in Sources */ = {isa = PBXBuildFile; fileRef = 9C6BE389200EF750007AE432 /* Binary.swift */; };
		9C6BE38C200EF772007AE432 /* Key.swift in Sources */ = {isa = PBXBuildFile; fileRef = 9C6BE38B200EF772007AE432 /* Key.swift */; };
		9C6BE38E200EF797007AE432 /* Keyboard.swift in Sources */ = {isa = PBXBuildFile; fileRef = 9C6BE38D200EF797007AE432 /* Keyboard.swift */; };
		9C6BE390200EF7A4007AE432 /* Display.swift in Sources */ = {isa = PBXBuildFile; fileRef = 9C6BE38F200EF7A4007AE432 /* Display.swift */; };
		9C6BE392200EF7B5007AE432 /* BasicKeyboard.swift in Sources */ = {isa = PBXBuildFile; fileRef = 9C6BE391200EF7B5007AE432 /* BasicKeyboard.swift */; };
		9C6BE394200EF7BF007AE432 /* BinaryKeyboard.swift in Sources */ = {isa = PBXBuildFile; fileRef = 9C6BE393200EF7BF007AE432 /* BinaryKeyboard.swift */; };
		9C6BE396200EF7CA007AE432 /* BasicDisplay.swift in Sources */ = {isa = PBXBuildFile; fileRef = 9C6BE395200EF7CA007AE432 /* BasicDisplay.swift */; };
		9C6BE398200EF7D4007AE432 /* BinaryDisplay.swift in Sources */ = {isa = PBXBuildFile; fileRef = 9C6BE397200EF7D4007AE432 /* BinaryDisplay.swift */; };
		9C6BE39B200EF7F7007AE432 /* NumberKey.swift in Sources */ = {isa = PBXBuildFile; fileRef = 9C6BE39A200EF7F7007AE432 /* NumberKey.swift */; };
		9C6BE39D200EF801007AE432 /* OperateKey.swift in Sources */ = {isa = PBXBuildFile; fileRef = 9C6BE39C200EF801007AE432 /* OperateKey.swift */; };
		9C6BE39F200EF812007AE432 /* ActionKey.swift in Sources */ = {isa = PBXBuildFile; fileRef = 9C6BE39E200EF812007AE432 /* ActionKey.swift */; };
		9C6BE3A4200EF8D3007AE432 /* Unit.swift in Sources */ = {isa = PBXBuildFile; fileRef = 9C6BE3A3200EF8D3007AE432 /* Unit.swift */; };
		9C6BE3A6200EF963007AE432 /* Types.swift in Sources */ = {isa = PBXBuildFile; fileRef = 9C6BE3A5200EF963007AE432 /* Types.swift */; };
		9C6BE3A8200EFBE4007AE432 /* Input.swift in Sources */ = {isa = PBXBuildFile; fileRef = 9C6BE3A7200EFBE4007AE432 /* Input.swift */; };
		9C7516E3200D9F2400E62EBB /* AppDelegate.swift in Sources */ = {isa = PBXBuildFile; fileRef = 9C7516E2200D9F2400E62EBB /* AppDelegate.swift */; };
		9C7516E8200D9F2400E62EBB /* Main.storyboard in Resources */ = {isa = PBXBuildFile; fileRef = 9C7516E6200D9F2400E62EBB /* Main.storyboard */; };
		9C7516EA200D9F2400E62EBB /* Assets.xcassets in Resources */ = {isa = PBXBuildFile; fileRef = 9C7516E9200D9F2400E62EBB /* Assets.xcassets */; };
		9C7516ED200D9F2400E62EBB /* LaunchScreen.storyboard in Resources */ = {isa = PBXBuildFile; fileRef = 9C7516EB200D9F2400E62EBB /* LaunchScreen.storyboard */; };
		9C751721200D9F7200E62EBB /* Algorithms.swift in Sources */ = {isa = PBXBuildFile; fileRef = 9C7516FA200D9F7200E62EBB /* Algorithms.swift */; };
		9C751722200D9F7200E62EBB /* NavigationController.swift in Sources */ = {isa = PBXBuildFile; fileRef = 9C7516FC200D9F7200E62EBB /* NavigationController.swift */; };
		9C751723200D9F7200E62EBB /* TabBarController.swift in Sources */ = {isa = PBXBuildFile; fileRef = 9C7516FD200D9F7200E62EBB /* TabBarController.swift */; };
		9C751724200D9F7200E62EBB /* TableViewCell.swift in Sources */ = {isa = PBXBuildFile; fileRef = 9C7516FE200D9F7200E62EBB /* TableViewCell.swift */; };
		9C751725200D9F7200E62EBB /* TableViewController.swift in Sources */ = {isa = PBXBuildFile; fileRef = 9C7516FF200D9F7200E62EBB /* TableViewController.swift */; };
		9C751726200D9F7200E62EBB /* ViewController.swift in Sources */ = {isa = PBXBuildFile; fileRef = 9C751700200D9F7200E62EBB /* ViewController.swift */; };
		9C751727200D9F7200E62EBB /* Console.swift in Sources */ = {isa = PBXBuildFile; fileRef = 9C751702200D9F7200E62EBB /* Console.swift */; };
		9C751728200D9F7200E62EBB /* Ex_Calendar.swift in Sources */ = {isa = PBXBuildFile; fileRef = 9C751705200D9F7200E62EBB /* Ex_Calendar.swift */; };
		9C751729200D9F7200E62EBB /* Ex_Date.swift in Sources */ = {isa = PBXBuildFile; fileRef = 9C751706200D9F7200E62EBB /* Ex_Date.swift */; };
		9C75172A200D9F7200E62EBB /* Ex_DateFormatter.swift in Sources */ = {isa = PBXBuildFile; fileRef = 9C751707200D9F7200E62EBB /* Ex_DateFormatter.swift */; };
		9C75172B200D9F7200E62EBB /* Ex_Array.swift in Sources */ = {isa = PBXBuildFile; fileRef = 9C751708200D9F7200E62EBB /* Ex_Array.swift */; };
		9C75172C200D9F7200E62EBB /* Ex_CGRect.swift in Sources */ = {isa = PBXBuildFile; fileRef = 9C751709200D9F7200E62EBB /* Ex_CGRect.swift */; };
		9C75172D200D9F7200E62EBB /* Ex_Device.swift in Sources */ = {isa = PBXBuildFile; fileRef = 9C75170A200D9F7200E62EBB /* Ex_Device.swift */; };
		9C75172E200D9F7200E62EBB /* Ex_DispatchQueue.swift in Sources */ = {isa = PBXBuildFile; fileRef = 9C75170B200D9F7200E62EBB /* Ex_DispatchQueue.swift */; };
		9C75172F200D9F7200E62EBB /* Ex_Double.swift in Sources */ = {isa = PBXBuildFile; fileRef = 9C75170C200D9F7200E62EBB /* Ex_Double.swift */; };
		9C751730200D9F7200E62EBB /* Ex_Int.swift in Sources */ = {isa = PBXBuildFile; fileRef = 9C75170D200D9F7200E62EBB /* Ex_Int.swift */; };
		9C751731200D9F7200E62EBB /* Ex_String.swift in Sources */ = {isa = PBXBuildFile; fileRef = 9C75170E200D9F7200E62EBB /* Ex_String.swift */; };
		9C751732200D9F7200E62EBB /* Ex_UIColor.swift in Sources */ = {isa = PBXBuildFile; fileRef = 9C75170F200D9F7200E62EBB /* Ex_UIColor.swift */; };
		9C751733200D9F7200E62EBB /* Ex_View.swift in Sources */ = {isa = PBXBuildFile; fileRef = 9C751710200D9F7200E62EBB /* Ex_View.swift */; };
		9C751734200D9F7200E62EBB /* NotifierProtocol.swift in Sources */ = {isa = PBXBuildFile; fileRef = 9C751712200D9F7200E62EBB /* NotifierProtocol.swift */; };
		9C751735200D9F7200E62EBB /* QueueProtocol.swift in Sources */ = {isa = PBXBuildFile; fileRef = 9C751713200D9F7200E62EBB /* QueueProtocol.swift */; };
		9C751737200D9F7200E62EBB /* Ex_View_Tips.swift in Sources */ = {isa = PBXBuildFile; fileRef = 9C751716200D9F7200E62EBB /* Ex_View_Tips.swift */; };
		9C751738200D9F7200E62EBB /* TipsView.swift in Sources */ = {isa = PBXBuildFile; fileRef = 9C751717200D9F7200E62EBB /* TipsView.swift */; };
		9C751739200D9F7200E62EBB /* TipsView_Animate.swift in Sources */ = {isa = PBXBuildFile; fileRef = 9C751718200D9F7200E62EBB /* TipsView_Animate.swift */; };
		9C75173A200D9F7200E62EBB /* TipsView_Background.swift in Sources */ = {isa = PBXBuildFile; fileRef = 9C751719200D9F7200E62EBB /* TipsView_Background.swift */; };
		9C75173B200D9F7200E62EBB /* TipsView_Label.swift in Sources */ = {isa = PBXBuildFile; fileRef = 9C75171A200D9F7200E62EBB /* TipsView_Label.swift */; };
		9C75173C200D9F7200E62EBB /* TipsView_SubView.swift in Sources */ = {isa = PBXBuildFile; fileRef = 9C75171B200D9F7200E62EBB /* TipsView_SubView.swift */; };
		9C75173D200D9F7200E62EBB /* Button.swift in Sources */ = {isa = PBXBuildFile; fileRef = 9C75171D200D9F7200E62EBB /* Button.swift */; };
		9C75173E200D9F7200E62EBB /* ImageView.swift in Sources */ = {isa = PBXBuildFile; fileRef = 9C75171E200D9F7200E62EBB /* ImageView.swift */; };
		9C75173F200D9F7200E62EBB /* View.swift in Sources */ = {isa = PBXBuildFile; fileRef = 9C75171F200D9F7200E62EBB /* View.swift */; };
		9C751765200DD39500E62EBB /* Ex_UIFont.swift in Sources */ = {isa = PBXBuildFile; fileRef = 9C751764200DD39500E62EBB /* Ex_UIFont.swift */; };
/* End PBXBuildFile section */

/* Begin PBXFileReference section */
		9C6BE37F200EF64B007AE432 /* CalculatorController.swift */ = {isa = PBXFileReference; lastKnownFileType = sourcecode.swift; path = CalculatorController.swift; sourceTree = "<group>"; };
		9C6BE381200EF695007AE432 /* BasicController.swift */ = {isa = PBXFileReference; lastKnownFileType = sourcecode.swift; path = BasicController.swift; sourceTree = "<group>"; };
		9C6BE383200EF700007AE432 /* BinaryController.swift */ = {isa = PBXFileReference; lastKnownFileType = sourcecode.swift; path = BinaryController.swift; sourceTree = "<group>"; };
		9C6BE385200EF73E007AE432 /* Calculator.swift */ = {isa = PBXFileReference; lastKnownFileType = sourcecode.swift; path = Calculator.swift; sourceTree = "<group>"; };
		9C6BE387200EF749007AE432 /* Basic.swift */ = {isa = PBXFileReference; lastKnownFileType = sourcecode.swift; path = Basic.swift; sourceTree = "<group>"; };
		9C6BE389200EF750007AE432 /* Binary.swift */ = {isa = PBXFileReference; lastKnownFileType = sourcecode.swift; path = Binary.swift; sourceTree = "<group>"; };
		9C6BE38B200EF772007AE432 /* Key.swift */ = {isa = PBXFileReference; lastKnownFileType = sourcecode.swift; path = Key.swift; sourceTree = "<group>"; };
		9C6BE38D200EF797007AE432 /* Keyboard.swift */ = {isa = PBXFileReference; lastKnownFileType = sourcecode.swift; path = Keyboard.swift; sourceTree = "<group>"; };
		9C6BE38F200EF7A4007AE432 /* Display.swift */ = {isa = PBXFileReference; lastKnownFileType = sourcecode.swift; path = Display.swift; sourceTree = "<group>"; };
		9C6BE391200EF7B5007AE432 /* BasicKeyboard.swift */ = {isa = PBXFileReference; lastKnownFileType = sourcecode.swift; path = BasicKeyboard.swift; sourceTree = "<group>"; };
		9C6BE393200EF7BF007AE432 /* BinaryKeyboard.swift */ = {isa = PBXFileReference; lastKnownFileType = sourcecode.swift; path = BinaryKeyboard.swift; sourceTree = "<group>"; };
		9C6BE395200EF7CA007AE432 /* BasicDisplay.swift */ = {isa = PBXFileReference; lastKnownFileType = sourcecode.swift; path = BasicDisplay.swift; sourceTree = "<group>"; };
		9C6BE397200EF7D4007AE432 /* BinaryDisplay.swift */ = {isa = PBXFileReference; lastKnownFileType = sourcecode.swift; path = BinaryDisplay.swift; sourceTree = "<group>"; };
		9C6BE39A200EF7F7007AE432 /* NumberKey.swift */ = {isa = PBXFileReference; lastKnownFileType = sourcecode.swift; path = NumberKey.swift; sourceTree = "<group>"; };
		9C6BE39C200EF801007AE432 /* OperateKey.swift */ = {isa = PBXFileReference; lastKnownFileType = sourcecode.swift; path = OperateKey.swift; sourceTree = "<group>"; };
		9C6BE39E200EF812007AE432 /* ActionKey.swift */ = {isa = PBXFileReference; lastKnownFileType = sourcecode.swift; path = ActionKey.swift; sourceTree = "<group>"; };
		9C6BE3A3200EF8D3007AE432 /* Unit.swift */ = {isa = PBXFileReference; lastKnownFileType = sourcecode.swift; path = Unit.swift; sourceTree = "<group>"; };
		9C6BE3A5200EF963007AE432 /* Types.swift */ = {isa = PBXFileReference; lastKnownFileType = sourcecode.swift; path = Types.swift; sourceTree = "<group>"; };
		9C6BE3A7200EFBE4007AE432 /* Input.swift */ = {isa = PBXFileReference; lastKnownFileType = sourcecode.swift; path = Input.swift; sourceTree = "<group>"; };
		9C7516DF200D9F2300E62EBB /* MyCalculator.app */ = {isa = PBXFileReference; explicitFileType = wrapper.application; includeInIndex = 0; path = MyCalculator.app; sourceTree = BUILT_PRODUCTS_DIR; };
		9C7516E2200D9F2400E62EBB /* AppDelegate.swift */ = {isa = PBXFileReference; lastKnownFileType = sourcecode.swift; path = AppDelegate.swift; sourceTree = "<group>"; };
		9C7516E7200D9F2400E62EBB /* Base */ = {isa = PBXFileReference; lastKnownFileType = file.storyboard; name = Base; path = Base.lproj/Main.storyboard; sourceTree = "<group>"; };
		9C7516E9200D9F2400E62EBB /* Assets.xcassets */ = {isa = PBXFileReference; lastKnownFileType = folder.assetcatalog; path = Assets.xcassets; sourceTree = "<group>"; };
		9C7516EC200D9F2400E62EBB /* Base */ = {isa = PBXFileReference; lastKnownFileType = file.storyboard; name = Base; path = Base.lproj/LaunchScreen.storyboard; sourceTree = "<group>"; };
		9C7516EE200D9F2400E62EBB /* Info.plist */ = {isa = PBXFileReference; lastKnownFileType = text.plist.xml; path = Info.plist; sourceTree = "<group>"; };
		9C7516FA200D9F7200E62EBB /* Algorithms.swift */ = {isa = PBXFileReference; fileEncoding = 4; lastKnownFileType = sourcecode.swift; path = Algorithms.swift; sourceTree = "<group>"; };
		9C7516FC200D9F7200E62EBB /* NavigationController.swift */ = {isa = PBXFileReference; fileEncoding = 4; lastKnownFileType = sourcecode.swift; path = NavigationController.swift; sourceTree = "<group>"; };
		9C7516FD200D9F7200E62EBB /* TabBarController.swift */ = {isa = PBXFileReference; fileEncoding = 4; lastKnownFileType = sourcecode.swift; path = TabBarController.swift; sourceTree = "<group>"; };
		9C7516FE200D9F7200E62EBB /* TableViewCell.swift */ = {isa = PBXFileReference; fileEncoding = 4; lastKnownFileType = sourcecode.swift; path = TableViewCell.swift; sourceTree = "<group>"; };
		9C7516FF200D9F7200E62EBB /* TableViewController.swift */ = {isa = PBXFileReference; fileEncoding = 4; lastKnownFileType = sourcecode.swift; path = TableViewController.swift; sourceTree = "<group>"; };
		9C751700200D9F7200E62EBB /* ViewController.swift */ = {isa = PBXFileReference; fileEncoding = 4; lastKnownFileType = sourcecode.swift; path = ViewController.swift; sourceTree = "<group>"; };
		9C751702200D9F7200E62EBB /* Console.swift */ = {isa = PBXFileReference; fileEncoding = 4; lastKnownFileType = sourcecode.swift; path = Console.swift; sourceTree = "<group>"; };
		9C751705200D9F7200E62EBB /* Ex_Calendar.swift */ = {isa = PBXFileReference; fileEncoding = 4; lastKnownFileType = sourcecode.swift; path = Ex_Calendar.swift; sourceTree = "<group>"; };
		9C751706200D9F7200E62EBB /* Ex_Date.swift */ = {isa = PBXFileReference; fileEncoding = 4; lastKnownFileType = sourcecode.swift; path = Ex_Date.swift; sourceTree = "<group>"; };
		9C751707200D9F7200E62EBB /* Ex_DateFormatter.swift */ = {isa = PBXFileReference; fileEncoding = 4; lastKnownFileType = sourcecode.swift; path = Ex_DateFormatter.swift; sourceTree = "<group>"; };
		9C751708200D9F7200E62EBB /* Ex_Array.swift */ = {isa = PBXFileReference; fileEncoding = 4; lastKnownFileType = sourcecode.swift; path = Ex_Array.swift; sourceTree = "<group>"; };
		9C751709200D9F7200E62EBB /* Ex_CGRect.swift */ = {isa = PBXFileReference; fileEncoding = 4; lastKnownFileType = sourcecode.swift; path = Ex_CGRect.swift; sourceTree = "<group>"; };
		9C75170A200D9F7200E62EBB /* Ex_Device.swift */ = {isa = PBXFileReference; fileEncoding = 4; lastKnownFileType = sourcecode.swift; path = Ex_Device.swift; sourceTree = "<group>"; };
		9C75170B200D9F7200E62EBB /* Ex_DispatchQueue.swift */ = {isa = PBXFileReference; fileEncoding = 4; lastKnownFileType = sourcecode.swift; path = Ex_DispatchQueue.swift; sourceTree = "<group>"; };
		9C75170C200D9F7200E62EBB /* Ex_Double.swift */ = {isa = PBXFileReference; fileEncoding = 4; lastKnownFileType = sourcecode.swift; path = Ex_Double.swift; sourceTree = "<group>"; };
		9C75170D200D9F7200E62EBB /* Ex_Int.swift */ = {isa = PBXFileReference; fileEncoding = 4; lastKnownFileType = sourcecode.swift; path = Ex_Int.swift; sourceTree = "<group>"; };
		9C75170E200D9F7200E62EBB /* Ex_String.swift */ = {isa = PBXFileReference; fileEncoding = 4; lastKnownFileType = sourcecode.swift; path = Ex_String.swift; sourceTree = "<group>"; };
		9C75170F200D9F7200E62EBB /* Ex_UIColor.swift */ = {isa = PBXFileReference; fileEncoding = 4; lastKnownFileType = sourcecode.swift; path = Ex_UIColor.swift; sourceTree = "<group>"; };
		9C751710200D9F7200E62EBB /* Ex_View.swift */ = {isa = PBXFileReference; fileEncoding = 4; lastKnownFileType = sourcecode.swift; path = Ex_View.swift; sourceTree = "<group>"; };
		9C751712200D9F7200E62EBB /* NotifierProtocol.swift */ = {isa = PBXFileReference; fileEncoding = 4; lastKnownFileType = sourcecode.swift; path = NotifierProtocol.swift; sourceTree = "<group>"; };
		9C751713200D9F7200E62EBB /* QueueProtocol.swift */ = {isa = PBXFileReference; fileEncoding = 4; lastKnownFileType = sourcecode.swift; path = QueueProtocol.swift; sourceTree = "<group>"; };
		9C751716200D9F7200E62EBB /* Ex_View_Tips.swift */ = {isa = PBXFileReference; fileEncoding = 4; lastKnownFileType = sourcecode.swift; path = Ex_View_Tips.swift; sourceTree = "<group>"; };
		9C751717200D9F7200E62EBB /* TipsView.swift */ = {isa = PBXFileReference; fileEncoding = 4; lastKnownFileType = sourcecode.swift; path = TipsView.swift; sourceTree = "<group>"; };
		9C751718200D9F7200E62EBB /* TipsView_Animate.swift */ = {isa = PBXFileReference; fileEncoding = 4; lastKnownFileType = sourcecode.swift; path = TipsView_Animate.swift; sourceTree = "<group>"; };
		9C751719200D9F7200E62EBB /* TipsView_Background.swift */ = {isa = PBXFileReference; fileEncoding = 4; lastKnownFileType = sourcecode.swift; path = TipsView_Background.swift; sourceTree = "<group>"; };
		9C75171A200D9F7200E62EBB /* TipsView_Label.swift */ = {isa = PBXFileReference; fileEncoding = 4; lastKnownFileType = sourcecode.swift; path = TipsView_Label.swift; sourceTree = "<group>"; };
		9C75171B200D9F7200E62EBB /* TipsView_SubView.swift */ = {isa = PBXFileReference; fileEncoding = 4; lastKnownFileType = sourcecode.swift; path = TipsView_SubView.swift; sourceTree = "<group>"; };
		9C75171D200D9F7200E62EBB /* Button.swift */ = {isa = PBXFileReference; fileEncoding = 4; lastKnownFileType = sourcecode.swift; path = Button.swift; sourceTree = "<group>"; };
		9C75171E200D9F7200E62EBB /* ImageView.swift */ = {isa = PBXFileReference; fileEncoding = 4; lastKnownFileType = sourcecode.swift; path = ImageView.swift; sourceTree = "<group>"; };
		9C75171F200D9F7200E62EBB /* View.swift */ = {isa = PBXFileReference; fileEncoding = 4; lastKnownFileType = sourcecode.swift; path = View.swift; sourceTree = "<group>"; };
		9C751764200DD39500E62EBB /* Ex_UIFont.swift */ = {isa = PBXFileReference; lastKnownFileType = sourcecode.swift; path = Ex_UIFont.swift; sourceTree = "<group>"; };
/* End PBXFileReference section */

/* Begin PBXFrameworksBuildPhase section */
		9C7516DC200D9F2300E62EBB /* Frameworks */ = {
			isa = PBXFrameworksBuildPhase;
			buildActionMask = 2147483647;
			files = (
			);
			runOnlyForDeploymentPostprocessing = 0;
		};
/* End PBXFrameworksBuildPhase section */

/* Begin PBXGroup section */
		9C6BE37C200EF5FB007AE432 /* Model */ = {
			isa = PBXGroup;
			children = (
				9C6BE385200EF73E007AE432 /* Calculator.swift */,
				9C6BE3A2200EF8C6007AE432 /* Ex_Calculator */,
				9C6BE387200EF749007AE432 /* Basic.swift */,
				9C6BE389200EF750007AE432 /* Binary.swift */,
			);
			path = Model;
			sourceTree = "<group>";
		};
		9C6BE37D200EF605007AE432 /* View */ = {
			isa = PBXGroup;
			children = (
				9C6BE3A1200EF82E007AE432 /* Display */,
				9C6BE3A0200EF81C007AE432 /* Keyboard */,
				9C6BE399200EF7DE007AE432 /* Key */,
			);
			path = View;
			sourceTree = "<group>";
		};
		9C6BE37E200EF60B007AE432 /* Controller */ = {
			isa = PBXGroup;
			children = (
				9C6BE37F200EF64B007AE432 /* CalculatorController.swift */,
				9C6BE381200EF695007AE432 /* BasicController.swift */,
				9C6BE383200EF700007AE432 /* BinaryController.swift */,
			);
			path = Controller;
			sourceTree = "<group>";
		};
		9C6BE399200EF7DE007AE432 /* Key */ = {
			isa = PBXGroup;
			children = (
				9C6BE38B200EF772007AE432 /* Key.swift */,
				9C6BE39A200EF7F7007AE432 /* NumberKey.swift */,
				9C6BE39C200EF801007AE432 /* OperateKey.swift */,
				9C6BE39E200EF812007AE432 /* ActionKey.swift */,
			);
			path = Key;
			sourceTree = "<group>";
		};
		9C6BE3A0200EF81C007AE432 /* Keyboard */ = {
			isa = PBXGroup;
			children = (
				9C6BE38D200EF797007AE432 /* Keyboard.swift */,
				9C6BE391200EF7B5007AE432 /* BasicKeyboard.swift */,
				9C6BE393200EF7BF007AE432 /* BinaryKeyboard.swift */,
			);
			path = Keyboard;
			sourceTree = "<group>";
		};
		9C6BE3A1200EF82E007AE432 /* Display */ = {
			isa = PBXGroup;
			children = (
				9C6BE38F200EF7A4007AE432 /* Display.swift */,
				9C6BE395200EF7CA007AE432 /* BasicDisplay.swift */,
				9C6BE397200EF7D4007AE432 /* BinaryDisplay.swift */,
			);
			path = Display;
			sourceTree = "<group>";
		};
		9C6BE3A2200EF8C6007AE432 /* Ex_Calculator */ = {
			isa = PBXGroup;
			children = (
				9C6BE3A3200EF8D3007AE432 /* Unit.swift */,
				9C6BE3A5200EF963007AE432 /* Types.swift */,
				9C6BE3A7200EFBE4007AE432 /* Input.swift */,
			);
			path = Ex_Calculator;
			sourceTree = "<group>";
		};
		9C7516D6200D9F2300E62EBB = {
			isa = PBXGroup;
			children = (
				9C7516E1200D9F2400E62EBB /* MyCalculator */,
				9C7516E0200D9F2300E62EBB /* Products */,
			);
			sourceTree = "<group>";
		};
		9C7516E0200D9F2300E62EBB /* Products */ = {
			isa = PBXGroup;
			children = (
				9C7516DF200D9F2300E62EBB /* MyCalculator.app */,
			);
			name = Products;
			sourceTree = "<group>";
		};
		9C7516E1200D9F2400E62EBB /* MyCalculator */ = {
			isa = PBXGroup;
			children = (
				9C6BE37E200EF60B007AE432 /* Controller */,
				9C6BE37D200EF605007AE432 /* View */,
				9C6BE37C200EF5FB007AE432 /* Model */,
				9C7516F6200D9F4200E62EBB /* Library */,
				9C7516F5200D9F3500E62EBB /* Basis Files */,
				9C7516F4200D9F2A00E62EBB /* Resources */,
			);
			path = MyCalculator;
			sourceTree = "<group>";
		};
		9C7516F4200D9F2A00E62EBB /* Resources */ = {
			isa = PBXGroup;
			children = (
				9C7516E6200D9F2400E62EBB /* Main.storyboard */,
				9C7516E9200D9F2400E62EBB /* Assets.xcassets */,
				9C7516EB200D9F2400E62EBB /* LaunchScreen.storyboard */,
				9C7516EE200D9F2400E62EBB /* Info.plist */,
			);
			path = Resources;
			sourceTree = "<group>";
		};
		9C7516F5200D9F3500E62EBB /* Basis Files */ = {
			isa = PBXGroup;
			children = (
				9C7516E2200D9F2400E62EBB /* AppDelegate.swift */,
			);
			path = "Basis Files";
			sourceTree = "<group>";
		};
		9C7516F6200D9F4200E62EBB /* Library */ = {
			isa = PBXGroup;
			children = (
				9C7516F7200D9F7200E62EBB /* ToolBox */,
			);
			path = Library;
			sourceTree = "<group>";
		};
		9C7516F7200D9F7200E62EBB /* ToolBox */ = {
			isa = PBXGroup;
			children = (
				9C7516F9200D9F7200E62EBB /* Algorithms */,
				9C7516FB200D9F7200E62EBB /* Basis Controller */,
				9C751701200D9F7200E62EBB /* Console */,
				9C751703200D9F7200E62EBB /* Extension */,
				9C751711200D9F7200E62EBB /* Protocol */,
				9C751715200D9F7200E62EBB /* Tips */,
				9C75171C200D9F7200E62EBB /* UIKit */,
			);
			name = ToolBox;
			path = ../../../../ToolBox;
			sourceTree = "<group>";
		};
		9C7516F9200D9F7200E62EBB /* Algorithms */ = {
			isa = PBXGroup;
			children = (
				9C7516FA200D9F7200E62EBB /* Algorithms.swift */,
			);
			path = Algorithms;
			sourceTree = "<group>";
		};
		9C7516FB200D9F7200E62EBB /* Basis Controller */ = {
			isa = PBXGroup;
			children = (
				9C7516FC200D9F7200E62EBB /* NavigationController.swift */,
				9C7516FD200D9F7200E62EBB /* TabBarController.swift */,
				9C7516FE200D9F7200E62EBB /* TableViewCell.swift */,
				9C7516FF200D9F7200E62EBB /* TableViewController.swift */,
				9C751700200D9F7200E62EBB /* ViewController.swift */,
			);
			path = "Basis Controller";
			sourceTree = "<group>";
		};
		9C751701200D9F7200E62EBB /* Console */ = {
			isa = PBXGroup;
			children = (
				9C751702200D9F7200E62EBB /* Console.swift */,
			);
			path = Console;
			sourceTree = "<group>";
		};
		9C751703200D9F7200E62EBB /* Extension */ = {
			isa = PBXGroup;
			children = (
				9C751704200D9F7200E62EBB /* Date and Calendar */,
				9C751708200D9F7200E62EBB /* Ex_Array.swift */,
				9C751709200D9F7200E62EBB /* Ex_CGRect.swift */,
				9C75170A200D9F7200E62EBB /* Ex_Device.swift */,
				9C75170B200D9F7200E62EBB /* Ex_DispatchQueue.swift */,
				9C75170C200D9F7200E62EBB /* Ex_Double.swift */,
				9C75170D200D9F7200E62EBB /* Ex_Int.swift */,
				9C75170E200D9F7200E62EBB /* Ex_String.swift */,
				9C75170F200D9F7200E62EBB /* Ex_UIColor.swift */,
				9C751710200D9F7200E62EBB /* Ex_View.swift */,
				9C751764200DD39500E62EBB /* Ex_UIFont.swift */,
			);
			path = Extension;
			sourceTree = "<group>";
		};
		9C751704200D9F7200E62EBB /* Date and Calendar */ = {
			isa = PBXGroup;
			children = (
				9C751705200D9F7200E62EBB /* Ex_Calendar.swift */,
				9C751706200D9F7200E62EBB /* Ex_Date.swift */,
				9C751707200D9F7200E62EBB /* Ex_DateFormatter.swift */,
			);
			path = "Date and Calendar";
			sourceTree = "<group>";
		};
		9C751711200D9F7200E62EBB /* Protocol */ = {
			isa = PBXGroup;
			children = (
				9C751712200D9F7200E62EBB /* NotifierProtocol.swift */,
				9C751713200D9F7200E62EBB /* QueueProtocol.swift */,
			);
			path = Protocol;
			sourceTree = "<group>";
		};
		9C751715200D9F7200E62EBB /* Tips */ = {
			isa = PBXGroup;
			children = (
				9C751716200D9F7200E62EBB /* Ex_View_Tips.swift */,
				9C751717200D9F7200E62EBB /* TipsView.swift */,
				9C751718200D9F7200E62EBB /* TipsView_Animate.swift */,
				9C751719200D9F7200E62EBB /* TipsView_Background.swift */,
				9C75171A200D9F7200E62EBB /* TipsView_Label.swift */,
				9C75171B200D9F7200E62EBB /* TipsView_SubView.swift */,
			);
			path = Tips;
			sourceTree = "<group>";
		};
		9C75171C200D9F7200E62EBB /* UIKit */ = {
			isa = PBXGroup;
			children = (
				9C75171D200D9F7200E62EBB /* Button.swift */,
				9C75171E200D9F7200E62EBB /* ImageView.swift */,
				9C75171F200D9F7200E62EBB /* View.swift */,
			);
			path = UIKit;
			sourceTree = "<group>";
		};
/* End PBXGroup section */

/* Begin PBXNativeTarget section */
		9C7516DE200D9F2300E62EBB /* MyCalculator */ = {
			isa = PBXNativeTarget;
			buildConfigurationList = 9C7516F1200D9F2400E62EBB /* Build configuration list for PBXNativeTarget "MyCalculator" */;
			buildPhases = (
				9C7516DB200D9F2300E62EBB /* Sources */,
				9C7516DC200D9F2300E62EBB /* Frameworks */,
				9C7516DD200D9F2300E62EBB /* Resources */,
			);
			buildRules = (
			);
			dependencies = (
			);
			name = MyCalculator;
			productName = MyCalculator;
			productReference = 9C7516DF200D9F2300E62EBB /* MyCalculator.app */;
			productType = "com.apple.product-type.application";
		};
/* End PBXNativeTarget section */

/* Begin PBXProject section */
		9C7516D7200D9F2300E62EBB /* Project object */ = {
			isa = PBXProject;
			attributes = {
				LastSwiftUpdateCheck = 0920;
				LastUpgradeCheck = 0920;
				ORGANIZATIONNAME = Myron;
				TargetAttributes = {
					9C7516DE200D9F2300E62EBB = {
						CreatedOnToolsVersion = 9.2;
						ProvisioningStyle = Automatic;
					};
				};
			};
			buildConfigurationList = 9C7516DA200D9F2300E62EBB /* Build configuration list for PBXProject "MyCalculator" */;
			compatibilityVersion = "Xcode 8.0";
			developmentRegion = en;
			hasScannedForEncodings = 0;
			knownRegions = (
				en,
				Base,
			);
			mainGroup = 9C7516D6200D9F2300E62EBB;
			productRefGroup = 9C7516E0200D9F2300E62EBB /* Products */;
			projectDirPath = "";
			projectRoot = "";
			targets = (
				9C7516DE200D9F2300E62EBB /* MyCalculator */,
			);
		};
/* End PBXProject section */

/* Begin PBXResourcesBuildPhase section */
		9C7516DD200D9F2300E62EBB /* Resources */ = {
			isa = PBXResourcesBuildPhase;
			buildActionMask = 2147483647;
			files = (
				9C7516ED200D9F2400E62EBB /* LaunchScreen.storyboard in Resources */,
				9C7516EA200D9F2400E62EBB /* Assets.xcassets in Resources */,
				9C7516E8200D9F2400E62EBB /* Main.storyboard in Resources */,
			);
			runOnlyForDeploymentPostprocessing = 0;
		};
/* End PBXResourcesBuildPhase section */

/* Begin PBXSourcesBuildPhase section */
		9C7516DB200D9F2300E62EBB /* Sources */ = {
			isa = PBXSourcesBuildPhase;
			buildActionMask = 2147483647;
			files = (
				9C6BE382200EF695007AE432 /* BasicController.swift in Sources */,
				9C6BE39F200EF812007AE432 /* ActionKey.swift in Sources */,
				9C6BE39D200EF801007AE432 /* OperateKey.swift in Sources */,
				9C6BE398200EF7D4007AE432 /* BinaryDisplay.swift in Sources */,
				9C75173E200D9F7200E62EBB /* ImageView.swift in Sources */,
				9C6BE394200EF7BF007AE432 /* BinaryKeyboard.swift in Sources */,
				9C6BE38E200EF797007AE432 /* Keyboard.swift in Sources */,
				9C75172C200D9F7200E62EBB /* Ex_CGRect.swift in Sources */,
				9C75172F200D9F7200E62EBB /* Ex_Double.swift in Sources */,
				9C75172E200D9F7200E62EBB /* Ex_DispatchQueue.swift in Sources */,
				9C6BE386200EF73E007AE432 /* Calculator.swift in Sources */,
				9C751724200D9F7200E62EBB /* TableViewCell.swift in Sources */,
				9C75173D200D9F7200E62EBB /* Button.swift in Sources */,
				9C6BE392200EF7B5007AE432 /* BasicKeyboard.swift in Sources */,
				9C751765200DD39500E62EBB /* Ex_UIFont.swift in Sources */,
				9C751734200D9F7200E62EBB /* NotifierProtocol.swift in Sources */,
				9C75172D200D9F7200E62EBB /* Ex_Device.swift in Sources */,
				9C75173A200D9F7200E62EBB /* TipsView_Background.swift in Sources */,
				9C751731200D9F7200E62EBB /* Ex_String.swift in Sources */,
				9C75173C200D9F7200E62EBB /* TipsView_SubView.swift in Sources */,
				9C6BE39B200EF7F7007AE432 /* NumberKey.swift in Sources */,
				9C6BE396200EF7CA007AE432 /* BasicDisplay.swift in Sources */,
				9C6BE384200EF700007AE432 /* BinaryController.swift in Sources */,
				9C75173B200D9F7200E62EBB /* TipsView_Label.swift in Sources */,
				9C751725200D9F7200E62EBB /* TableViewController.swift in Sources */,
				9C751733200D9F7200E62EBB /* Ex_View.swift in Sources */,
				9C6BE38A200EF750007AE432 /* Binary.swift in Sources */,
				9C751728200D9F7200E62EBB /* Ex_Calendar.swift in Sources */,
				9C7516E3200D9F2400E62EBB /* AppDelegate.swift in Sources */,
				9C751739200D9F7200E62EBB /* TipsView_Animate.swift in Sources */,
				9C751727200D9F7200E62EBB /* Console.swift in Sources */,
				9C6BE3A4200EF8D3007AE432 /* Unit.swift in Sources */,
				9C751738200D9F7200E62EBB /* TipsView.swift in Sources */,
				9C6BE3A6200EF963007AE432 /* Types.swift in Sources */,
				9C75172A200D9F7200E62EBB /* Ex_DateFormatter.swift in Sources */,
				9C6BE390200EF7A4007AE432 /* Display.swift in Sources */,
				9C751732200D9F7200E62EBB /* Ex_UIColor.swift in Sources */,
				9C751723200D9F7200E62EBB /* TabBarController.swift in Sources */,
				9C751726200D9F7200E62EBB /* ViewController.swift in Sources */,
				9C751737200D9F7200E62EBB /* Ex_View_Tips.swift in Sources */,
				9C6BE38C200EF772007AE432 /* Key.swift in Sources */,
				9C6BE380200EF64B007AE432 /* CalculatorController.swift in Sources */,
				9C75172B200D9F7200E62EBB /* Ex_Array.swift in Sources */,
				9C6BE388200EF749007AE432 /* Basic.swift in Sources */,
				9C751722200D9F7200E62EBB /* NavigationController.swift in Sources */,
				9C751729200D9F7200E62EBB /* Ex_Date.swift in Sources */,
				9C75173F200D9F7200E62EBB /* View.swift in Sources */,
				9C751721200D9F7200E62EBB /* Algorithms.swift in Sources */,
				9C6BE3A8200EFBE4007AE432 /* Input.swift in Sources */,
				9C751730200D9F7200E62EBB /* Ex_Int.swift in Sources */,
				9C751735200D9F7200E62EBB /* QueueProtocol.swift in Sources */,
			);
			runOnlyForDeploymentPostprocessing = 0;
		};
/* End PBXSourcesBuildPhase section */

/* Begin PBXVariantGroup section */
		9C7516E6200D9F2400E62EBB /* Main.storyboard */ = {
			isa = PBXVariantGroup;
			children = (
				9C7516E7200D9F2400E62EBB /* Base */,
			);
			name = Main.storyboard;
			sourceTree = "<group>";
		};
		9C7516EB200D9F2400E62EBB /* LaunchScreen.storyboard */ = {
			isa = PBXVariantGroup;
			children = (
				9C7516EC200D9F2400E62EBB /* Base */,
			);
			name = LaunchScreen.storyboard;
			sourceTree = "<group>";
		};
/* End PBXVariantGroup section */

/* Begin XCBuildConfiguration section */
		9C7516EF200D9F2400E62EBB /* Debug */ = {
			isa = XCBuildConfiguration;
			buildSettings = {
				ALWAYS_SEARCH_USER_PATHS = NO;
				CLANG_ANALYZER_NONNULL = YES;
				CLANG_ANALYZER_NUMBER_OBJECT_CONVERSION = YES_AGGRESSIVE;
				CLANG_CXX_LANGUAGE_STANDARD = "gnu++14";
				CLANG_CXX_LIBRARY = "libc++";
				CLANG_ENABLE_MODULES = YES;
				CLANG_ENABLE_OBJC_ARC = YES;
				CLANG_WARN_BLOCK_CAPTURE_AUTORELEASING = YES;
				CLANG_WARN_BOOL_CONVERSION = YES;
				CLANG_WARN_COMMA = YES;
				CLANG_WARN_CONSTANT_CONVERSION = YES;
				CLANG_WARN_DIRECT_OBJC_ISA_USAGE = YES_ERROR;
				CLANG_WARN_DOCUMENTATION_COMMENTS = YES;
				CLANG_WARN_EMPTY_BODY = YES;
				CLANG_WARN_ENUM_CONVERSION = YES;
				CLANG_WARN_INFINITE_RECURSION = YES;
				CLANG_WARN_INT_CONVERSION = YES;
				CLANG_WARN_NON_LITERAL_NULL_CONVERSION = YES;
				CLANG_WARN_OBJC_LITERAL_CONVERSION = YES;
				CLANG_WARN_OBJC_ROOT_CLASS = YES_ERROR;
				CLANG_WARN_RANGE_LOOP_ANALYSIS = YES;
				CLANG_WARN_STRICT_PROTOTYPES = YES;
				CLANG_WARN_SUSPICIOUS_MOVE = YES;
				CLANG_WARN_UNGUARDED_AVAILABILITY = YES_AGGRESSIVE;
				CLANG_WARN_UNREACHABLE_CODE = YES;
				CLANG_WARN__DUPLICATE_METHOD_MATCH = YES;
				CODE_SIGN_IDENTITY = "iPhone Developer";
				COPY_PHASE_STRIP = NO;
				DEBUG_INFORMATION_FORMAT = dwarf;
				ENABLE_STRICT_OBJC_MSGSEND = YES;
				ENABLE_TESTABILITY = YES;
				GCC_C_LANGUAGE_STANDARD = gnu11;
				GCC_DYNAMIC_NO_PIC = NO;
				GCC_NO_COMMON_BLOCKS = YES;
				GCC_OPTIMIZATION_LEVEL = 0;
				GCC_PREPROCESSOR_DEFINITIONS = (
					"DEBUG=1",
					"$(inherited)",
				);
				GCC_WARN_64_TO_32_BIT_CONVERSION = YES;
				GCC_WARN_ABOUT_RETURN_TYPE = YES_ERROR;
				GCC_WARN_UNDECLARED_SELECTOR = YES;
				GCC_WARN_UNINITIALIZED_AUTOS = YES_AGGRESSIVE;
				GCC_WARN_UNUSED_FUNCTION = YES;
				GCC_WARN_UNUSED_VARIABLE = YES;
				IPHONEOS_DEPLOYMENT_TARGET = 11.2;
				MTL_ENABLE_DEBUG_INFO = YES;
				ONLY_ACTIVE_ARCH = YES;
				SDKROOT = iphoneos;
				SWIFT_ACTIVE_COMPILATION_CONDITIONS = DEBUG;
				SWIFT_OPTIMIZATION_LEVEL = "-Onone";
			};
			name = Debug;
		};
		9C7516F0200D9F2400E62EBB /* Release */ = {
			isa = XCBuildConfiguration;
			buildSettings = {
				ALWAYS_SEARCH_USER_PATHS = NO;
				CLANG_ANALYZER_NONNULL = YES;
				CLANG_ANALYZER_NUMBER_OBJECT_CONVERSION = YES_AGGRESSIVE;
				CLANG_CXX_LANGUAGE_STANDARD = "gnu++14";
				CLANG_CXX_LIBRARY = "libc++";
				CLANG_ENABLE_MODULES = YES;
				CLANG_ENABLE_OBJC_ARC = YES;
				CLANG_WARN_BLOCK_CAPTURE_AUTORELEASING = YES;
				CLANG_WARN_BOOL_CONVERSION = YES;
				CLANG_WARN_COMMA = YES;
				CLANG_WARN_CONSTANT_CONVERSION = YES;
				CLANG_WARN_DIRECT_OBJC_ISA_USAGE = YES_ERROR;
				CLANG_WARN_DOCUMENTATION_COMMENTS = YES;
				CLANG_WARN_EMPTY_BODY = YES;
				CLANG_WARN_ENUM_CONVERSION = YES;
				CLANG_WARN_INFINITE_RECURSION = YES;
				CLANG_WARN_INT_CONVERSION = YES;
				CLANG_WARN_NON_LITERAL_NULL_CONVERSION = YES;
				CLANG_WARN_OBJC_LITERAL_CONVERSION = YES;
				CLANG_WARN_OBJC_ROOT_CLASS = YES_ERROR;
				CLANG_WARN_RANGE_LOOP_ANALYSIS = YES;
				CLANG_WARN_STRICT_PROTOTYPES = YES;
				CLANG_WARN_SUSPICIOUS_MOVE = YES;
				CLANG_WARN_UNGUARDED_AVAILABILITY = YES_AGGRESSIVE;
				CLANG_WARN_UNREACHABLE_CODE = YES;
				CLANG_WARN__DUPLICATE_METHOD_MATCH = YES;
				CODE_SIGN_IDENTITY = "iPhone Developer";
				COPY_PHASE_STRIP = NO;
				DEBUG_INFORMATION_FORMAT = "dwarf-with-dsym";
				ENABLE_NS_ASSERTIONS = NO;
				ENABLE_STRICT_OBJC_MSGSEND = YES;
				GCC_C_LANGUAGE_STANDARD = gnu11;
				GCC_NO_COMMON_BLOCKS = YES;
				GCC_WARN_64_TO_32_BIT_CONVERSION = YES;
				GCC_WARN_ABOUT_RETURN_TYPE = YES_ERROR;
				GCC_WARN_UNDECLARED_SELECTOR = YES;
				GCC_WARN_UNINITIALIZED_AUTOS = YES_AGGRESSIVE;
				GCC_WARN_UNUSED_FUNCTION = YES;
				GCC_WARN_UNUSED_VARIABLE = YES;
				IPHONEOS_DEPLOYMENT_TARGET = 11.2;
				MTL_ENABLE_DEBUG_INFO = NO;
				SDKROOT = iphoneos;
				SWIFT_OPTIMIZATION_LEVEL = "-Owholemodule";
				VALIDATE_PRODUCT = YES;
			};
			name = Release;
		};
		9C7516F2200D9F2400E62EBB /* Debug */ = {
			isa = XCBuildConfiguration;
			buildSettings = {
				ASSETCATALOG_COMPILER_APPICON_NAME = AppIcon;
				CODE_SIGN_STYLE = Automatic;
				DEVELOPMENT_TEAM = 9X2EVZ736U;
				INFOPLIST_FILE = "$(SRCROOT)/MyCalculator/Resources/Info.plist";
				IPHONEOS_DEPLOYMENT_TARGET = 10.0;
				LD_RUNPATH_SEARCH_PATHS = "$(inherited) @executable_path/Frameworks";
				PRODUCT_BUNDLE_IDENTIFIER = myron.MyCalculator;
				PRODUCT_NAME = "$(TARGET_NAME)";
				SWIFT_VERSION = 4.0;
				TARGETED_DEVICE_FAMILY = "1,2";
			};
			name = Debug;
		};
		9C7516F3200D9F2400E62EBB /* Release */ = {
			isa = XCBuildConfiguration;
			buildSettings = {
				ASSETCATALOG_COMPILER_APPICON_NAME = AppIcon;
				CODE_SIGN_STYLE = Automatic;
				DEVELOPMENT_TEAM = 9X2EVZ736U;
				INFOPLIST_FILE = "$(SRCROOT)/MyCalculator/Resources/Info.plist";
				IPHONEOS_DEPLOYMENT_TARGET = 10.0;
				LD_RUNPATH_SEARCH_PATHS = "$(inherited) @executable_path/Frameworks";
				PRODUCT_BUNDLE_IDENTIFIER = myron.MyCalculator;
				PRODUCT_NAME = "$(TARGET_NAME)";
				SWIFT_VERSION = 4.0;
				TARGETED_DEVICE_FAMILY = "1,2";
			};
			name = Release;
		};
/* End XCBuildConfiguration section */

/* Begin XCConfigurationList section */
		9C7516DA200D9F2300E62EBB /* Build configuration list for PBXProject "MyCalculator" */ = {
			isa = XCConfigurationList;
			buildConfigurations = (
				9C7516EF200D9F2400E62EBB /* Debug */,
				9C7516F0200D9F2400E62EBB /* Release */,
			);
			defaultConfigurationIsVisible = 0;
			defaultConfigurationName = Release;
		};
		9C7516F1200D9F2400E62EBB /* Build configuration list for PBXNativeTarget "MyCalculator" */ = {
			isa = XCConfigurationList;
			buildConfigurations = (
				9C7516F2200D9F2400E62EBB /* Debug */,
				9C7516F3200D9F2400E62EBB /* Release */,
			);
			defaultConfigurationIsVisible = 0;
			defaultConfigurationName = Release;
		};
/* End XCConfigurationList section */
	};
	rootObject = 9C7516D7200D9F2300E62EBB /* Project object */;
}
